
Microsoft Visual Studio Solution File, Format Version 12.00
# Visual Studio 15
VisualStudioVersion = 15.0.27703.2042
MinimumVisualStudioVersion = 10.0.40219.1
Project("{8BC9CEB8-8B4A-11D0-8D11-00A0C91BC942}") = "100 Doors", "100 Doors\100 Doors.vcxproj", "{0F8047E4-7F62-4273-BC4E-BF8F346A2438}"
EndProject
Global
	GlobalSection(SolutionConfigurationPlatforms) = preSolution
		Debug|x64 = Debug|x64
		Debug|x86 = Debug|x86
		Release|x64 = Release|x64
		Release|x86 = Release|x86
	EndGlobalSection
	GlobalSection(ProjectConfigurationPlatforms) = postSolution
		{0F8047E4-7F62-4273-BC4E-BF8F346A2438}.Debug|x64.ActiveCfg = Debug|x64
		{0F8047E4-7F62-4273-BC4E-BF8F346A2438}.Debug|x64.Build.0 = Debug|x64
		{0F8047E4-7F62-4273-BC4E-BF8F346A2438}.Debug|x86.ActiveCfg = Debug|Win32
		{0F8047E4-7F62-4273-BC4E-BF8F346A2438}.Debug|x86.Build.0 = Debug|Win32
		{0F8047E4-7F62-4273-BC4E-BF8F346A2438}.Release|x64.ActiveCfg = Release|x64
		{0F8047E4-7F62-4273-BC4E-BF8F346A2438}.Release|x64.Build.0 = Release|x64
		{0F8047E4-7F62-4273-BC4E-BF8F346A2438}.Release|x86.ActiveCfg = Release|Win32
		{0F8047E4-7F62-4273-BC4E-BF8F346A2438}.Release|x86.Build.0 = Release|Win32
	EndGlobalSection
	GlobalSection(SolutionProperties) = preSolution
		HideSolutionNode = FALSE
	EndGlobalSection
	GlobalSection(ExtensibilityGlobals) = postSolution
		SolutionGuid = {2870A692-5A2B-4952-AA95-20CECCCB4031}
	EndGlobalSection
EndGlobal
